
Microsoft Visual Studio Solution File, Format Version 12.00
# Visual Studio Version 16
VisualStudioVersion = 16.0.31313.79
MinimumVisualStudioVersion = 10.0.40219.1
Project("{FAE04EC0-301F-11D3-BF4B-00C04F79EFBC}") = "LiftTruck.Server", "LiftTruck\Server\LiftTruck.Server.csproj", "{95EF34AB-EA26-4B55-A925-AF70D23091F8}"
EndProject
Project("{FAE04EC0-301F-11D3-BF4B-00C04F79EFBC}") = "LiftTruck.Client", "LiftTruck\Client\LiftTruck.Client.csproj", "{42182C22-41A2-4911-83DE-C13DCE5B39FA}"
EndProject
Project("{FAE04EC0-301F-11D3-BF4B-00C04F79EFBC}") = "LiftTruck.Shared", "LiftTruck\Shared\LiftTruck.Shared.csproj", "{74BD8B1C-E959-4401-B71A-5402252BE3A6}"
EndProject
Global
	GlobalSection(SolutionConfigurationPlatforms) = preSolution
		Debug|Any CPU = Debug|Any CPU
		Release|Any CPU = Release|Any CPU
	EndGlobalSection
	GlobalSection(ProjectConfigurationPlatforms) = postSolution
		{95EF34AB-EA26-4B55-A925-AF70D23091F8}.Debug|Any CPU.ActiveCfg = Debug|Any CPU
		{95EF34AB-EA26-4B55-A925-AF70D23091F8}.Debug|Any CPU.Build.0 = Debug|Any CPU
		{95EF34AB-EA26-4B55-A925-AF70D23091F8}.Release|Any CPU.ActiveCfg = Release|Any CPU
		{95EF34AB-EA26-4B55-A925-AF70D23091F8}.Release|Any CPU.Build.0 = Release|Any CPU
		{42182C22-41A2-4911-83DE-C13DCE5B39FA}.Debug|Any CPU.ActiveCfg = Debug|Any CPU
		{42182C22-41A2-4911-83DE-C13DCE5B39FA}.Debug|Any CPU.Build.0 = Debug|Any CPU
		{42182C22-41A2-4911-83DE-C13DCE5B39FA}.Release|Any CPU.ActiveCfg = Release|Any CPU
		{42182C22-41A2-4911-83DE-C13DCE5B39FA}.Release|Any CPU.Build.0 = Release|Any CPU
		{74BD8B1C-E959-4401-B71A-5402252BE3A6}.Debug|Any CPU.ActiveCfg = Debug|Any CPU
		{74BD8B1C-E959-4401-B71A-5402252BE3A6}.Debug|Any CPU.Build.0 = Debug|Any CPU
		{74BD8B1C-E959-4401-B71A-5402252BE3A6}.Release|Any CPU.ActiveCfg = Release|Any CPU
		{74BD8B1C-E959-4401-B71A-5402252BE3A6}.Release|Any CPU.Build.0 = Release|Any CPU
	EndGlobalSection
	GlobalSection(SolutionProperties) = preSolution
		HideSolutionNode = FALSE
	EndGlobalSection
	GlobalSection(ExtensibilityGlobals) = postSolution
		SolutionGuid = {B0BD5591-7D55-46DD-AE31-B09420E800B4}
	EndGlobalSection
EndGlobal
